
Microsoft Visual Studio Solution File, Format Version 12.00
# Visual Studio Version 17
VisualStudioVersion = 17.0.31903.59
MinimumVisualStudioVersion = 10.0.40219.1
Project("{FAE04EC0-301F-11D3-BF4B-00C04F79EFBC}") = "UserStore", "UserStore\UserStore.csproj", "{BE2024CA-E3E5-4927-9824-8FE646244F2D}"
EndProject
Project("{FAE04EC0-301F-11D3-BF4B-00C04F79EFBC}") = "UserData", "UserData\UserData.csproj", "{95D2D894-A6AE-4F9F-9DF0-5821252BD5AC}"
EndProject
Project("{FAE04EC0-301F-11D3-BF4B-00C04F79EFBC}") = "UserMessages", "..\..\UserMessages\UserMessages.csproj", "{C2807FA8-E1A4-43E2-9378-E1D920EFE4DF}"
EndProject
Project("{FAE04EC0-301F-11D3-BF4B-00C04F79EFBC}") = "TrafficMessages", "..\..\..\TrafficLayer\TrafficMessages\TrafficMessages.csproj", "{5F4082BC-AB5C-430F-ABA4-F25241D566C7}"
EndProject
Project("{FAE04EC0-301F-11D3-BF4B-00C04F79EFBC}") = "LogMessages", "..\..\..\LogLayer\LogMessages\LogMessages.csproj", "{8B808085-7479-4BA1-966F-A63FE89C1AB7}"
EndProject
Global
	GlobalSection(SolutionConfigurationPlatforms) = preSolution
		Debug|Any CPU = Debug|Any CPU
		Debug|x64 = Debug|x64
		Debug|x86 = Debug|x86
		Release|Any CPU = Release|Any CPU
		Release|x64 = Release|x64
		Release|x86 = Release|x86
	EndGlobalSection
	GlobalSection(ProjectConfigurationPlatforms) = postSolution
		{BE2024CA-E3E5-4927-9824-8FE646244F2D}.Debug|Any CPU.ActiveCfg = Debug|Any CPU
		{BE2024CA-E3E5-4927-9824-8FE646244F2D}.Debug|Any CPU.Build.0 = Debug|Any CPU
		{BE2024CA-E3E5-4927-9824-8FE646244F2D}.Debug|x64.ActiveCfg = Debug|Any CPU
		{BE2024CA-E3E5-4927-9824-8FE646244F2D}.Debug|x64.Build.0 = Debug|Any CPU
		{BE2024CA-E3E5-4927-9824-8FE646244F2D}.Debug|x86.ActiveCfg = Debug|Any CPU
		{BE2024CA-E3E5-4927-9824-8FE646244F2D}.Debug|x86.Build.0 = Debug|Any CPU
		{BE2024CA-E3E5-4927-9824-8FE646244F2D}.Release|Any CPU.ActiveCfg = Release|Any CPU
		{BE2024CA-E3E5-4927-9824-8FE646244F2D}.Release|Any CPU.Build.0 = Release|Any CPU
		{BE2024CA-E3E5-4927-9824-8FE646244F2D}.Release|x64.ActiveCfg = Release|Any CPU
		{BE2024CA-E3E5-4927-9824-8FE646244F2D}.Release|x64.Build.0 = Release|Any CPU
		{BE2024CA-E3E5-4927-9824-8FE646244F2D}.Release|x86.ActiveCfg = Release|Any CPU
		{BE2024CA-E3E5-4927-9824-8FE646244F2D}.Release|x86.Build.0 = Release|Any CPU
		{95D2D894-A6AE-4F9F-9DF0-5821252BD5AC}.Debug|Any CPU.ActiveCfg = Debug|Any CPU
		{95D2D894-A6AE-4F9F-9DF0-5821252BD5AC}.Debug|Any CPU.Build.0 = Debug|Any CPU
		{95D2D894-A6AE-4F9F-9DF0-5821252BD5AC}.Debug|x64.ActiveCfg = Debug|Any CPU
		{95D2D894-A6AE-4F9F-9DF0-5821252BD5AC}.Debug|x64.Build.0 = Debug|Any CPU
		{95D2D894-A6AE-4F9F-9DF0-5821252BD5AC}.Debug|x86.ActiveCfg = Debug|Any CPU
		{95D2D894-A6AE-4F9F-9DF0-5821252BD5AC}.Debug|x86.Build.0 = Debug|Any CPU
		{95D2D894-A6AE-4F9F-9DF0-5821252BD5AC}.Release|Any CPU.ActiveCfg = Release|Any CPU
		{95D2D894-A6AE-4F9F-9DF0-5821252BD5AC}.Release|Any CPU.Build.0 = Release|Any CPU
		{95D2D894-A6AE-4F9F-9DF0-5821252BD5AC}.Release|x64.ActiveCfg = Release|Any CPU
		{95D2D894-A6AE-4F9F-9DF0-5821252BD5AC}.Release|x64.Build.0 = Release|Any CPU
		{95D2D894-A6AE-4F9F-9DF0-5821252BD5AC}.Release|x86.ActiveCfg = Release|Any CPU
		{95D2D894-A6AE-4F9F-9DF0-5821252BD5AC}.Release|x86.Build.0 = Release|Any CPU
		{C2807FA8-E1A4-43E2-9378-E1D920EFE4DF}.Debug|Any CPU.ActiveCfg = Debug|Any CPU
		{C2807FA8-E1A4-43E2-9378-E1D920EFE4DF}.Debug|Any CPU.Build.0 = Debug|Any CPU
		{C2807FA8-E1A4-43E2-9378-E1D920EFE4DF}.Debug|x64.ActiveCfg = Debug|Any CPU
		{C2807FA8-E1A4-43E2-9378-E1D920EFE4DF}.Debug|x64.Build.0 = Debug|Any CPU
		{C2807FA8-E1A4-43E2-9378-E1D920EFE4DF}.Debug|x86.ActiveCfg = Debug|Any CPU
		{C2807FA8-E1A4-43E2-9378-E1D920EFE4DF}.Debug|x86.Build.0 = Debug|Any CPU
		{C2807FA8-E1A4-43E2-9378-E1D920EFE4DF}.Release|Any CPU.ActiveCfg = Release|Any CPU
		{C2807FA8-E1A4-43E2-9378-E1D920EFE4DF}.Release|Any CPU.Build.0 = Release|Any CPU
		{C2807FA8-E1A4-43E2-9378-E1D920EFE4DF}.Release|x64.ActiveCfg = Release|Any CPU
		{C2807FA8-E1A4-43E2-9378-E1D920EFE4DF}.Release|x64.Build.0 = Release|Any CPU
		{C2807FA8-E1A4-43E2-9378-E1D920EFE4DF}.Release|x86.ActiveCfg = Release|Any CPU
		{C2807FA8-E1A4-43E2-9378-E1D920EFE4DF}.Release|x86.Build.0 = Release|Any CPU
		{5F4082BC-AB5C-430F-ABA4-F25241D566C7}.Debug|Any CPU.ActiveCfg = Debug|Any CPU
		{5F4082BC-AB5C-430F-ABA4-F25241D566C7}.Debug|Any CPU.Build.0 = Debug|Any CPU
		{5F4082BC-AB5C-430F-ABA4-F25241D566C7}.Debug|x64.ActiveCfg = Debug|Any CPU
		{5F4082BC-AB5C-430F-ABA4-F25241D566C7}.Debug|x64.Build.0 = Debug|Any CPU
		{5F4082BC-AB5C-430F-ABA4-F25241D566C7}.Debug|x86.ActiveCfg = Debug|Any CPU
		{5F4082BC-AB5C-430F-ABA4-F25241D566C7}.Debug|x86.Build.0 = Debug|Any CPU
		{5F4082BC-AB5C-430F-ABA4-F25241D566C7}.Release|Any CPU.ActiveCfg = Release|Any CPU
		{5F4082BC-AB5C-430F-ABA4-F25241D566C7}.Release|Any CPU.Build.0 = Release|Any CPU
		{5F4082BC-AB5C-430F-ABA4-F25241D566C7}.Release|x64.ActiveCfg = Release|Any CPU
		{5F4082BC-AB5C-430F-ABA4-F25241D566C7}.Release|x64.Build.0 = Release|Any CPU
		{5F4082BC-AB5C-430F-ABA4-F25241D566C7}.Release|x86.ActiveCfg = Release|Any CPU
		{5F4082BC-AB5C-430F-ABA4-F25241D566C7}.Release|x86.Build.0 = Release|Any CPU
		{8B808085-7479-4BA1-966F-A63FE89C1AB7}.Debug|Any CPU.ActiveCfg = Debug|Any CPU
		{8B808085-7479-4BA1-966F-A63FE89C1AB7}.Debug|Any CPU.Build.0 = Debug|Any CPU
		{8B808085-7479-4BA1-966F-A63FE89C1AB7}.Debug|x64.ActiveCfg = Debug|Any CPU
		{8B808085-7479-4BA1-966F-A63FE89C1AB7}.Debug|x64.Build.0 = Debug|Any CPU
		{8B808085-7479-4BA1-966F-A63FE89C1AB7}.Debug|x86.ActiveCfg = Debug|Any CPU
		{8B808085-7479-4BA1-966F-A63FE89C1AB7}.Debug|x86.Build.0 = Debug|Any CPU
		{8B808085-7479-4BA1-966F-A63FE89C1AB7}.Release|Any CPU.ActiveCfg = Release|Any CPU
		{8B808085-7479-4BA1-966F-A63FE89C1AB7}.Release|Any CPU.Build.0 = Release|Any CPU
		{8B808085-7479-4BA1-966F-A63FE89C1AB7}.Release|x64.ActiveCfg = Release|Any CPU
		{8B808085-7479-4BA1-966F-A63FE89C1AB7}.Release|x64.Build.0 = Release|Any CPU
		{8B808085-7479-4BA1-966F-A63FE89C1AB7}.Release|x86.ActiveCfg = Release|Any CPU
		{8B808085-7479-4BA1-966F-A63FE89C1AB7}.Release|x86.Build.0 = Release|Any CPU
	EndGlobalSection
	GlobalSection(SolutionProperties) = preSolution
		HideSolutionNode = FALSE
	EndGlobalSection
EndGlobal
