
Microsoft Visual Studio Solution File, Format Version 12.00
# Visual Studio Version 17
VisualStudioVersion = 17.0.31903.59
MinimumVisualStudioVersion = 10.0.40219.1
Project("{FAE04EC0-301F-11D3-BF4B-00C04F79EFBC}") = "PedestrianDetectionStore", "PedestrianDetectionStore\PedestrianDetectionStore.csproj", "{A7CEF8F3-BFF6-422C-901F-99D5013AC956}"
EndProject
Project("{FAE04EC0-301F-11D3-BF4B-00C04F79EFBC}") = "SensorMessages", "..\..\SensorMessages\SensorMessages.csproj", "{B5CEC664-DDF0-4249-8656-F42B881225B7}"
EndProject
Project("{FAE04EC0-301F-11D3-BF4B-00C04F79EFBC}") = "DetectionData", "..\..\DetectionDB\DetectionData\DetectionData.csproj", "{A52A39DC-BA0F-4FA1-8647-316807C09662}"
EndProject
Project("{FAE04EC0-301F-11D3-BF4B-00C04F79EFBC}") = "LogMessages", "..\..\..\LogLayer\LogMessages\LogMessages.csproj", "{E054918A-88FA-4897-B814-79B3A3796959}"
EndProject
Global
	GlobalSection(SolutionConfigurationPlatforms) = preSolution
		Debug|Any CPU = Debug|Any CPU
		Debug|x64 = Debug|x64
		Debug|x86 = Debug|x86
		Release|Any CPU = Release|Any CPU
		Release|x64 = Release|x64
		Release|x86 = Release|x86
	EndGlobalSection
	GlobalSection(ProjectConfigurationPlatforms) = postSolution
		{A7CEF8F3-BFF6-422C-901F-99D5013AC956}.Debug|Any CPU.ActiveCfg = Debug|Any CPU
		{A7CEF8F3-BFF6-422C-901F-99D5013AC956}.Debug|Any CPU.Build.0 = Debug|Any CPU
		{A7CEF8F3-BFF6-422C-901F-99D5013AC956}.Debug|x64.ActiveCfg = Debug|Any CPU
		{A7CEF8F3-BFF6-422C-901F-99D5013AC956}.Debug|x64.Build.0 = Debug|Any CPU
		{A7CEF8F3-BFF6-422C-901F-99D5013AC956}.Debug|x86.ActiveCfg = Debug|Any CPU
		{A7CEF8F3-BFF6-422C-901F-99D5013AC956}.Debug|x86.Build.0 = Debug|Any CPU
		{A7CEF8F3-BFF6-422C-901F-99D5013AC956}.Release|Any CPU.ActiveCfg = Release|Any CPU
		{A7CEF8F3-BFF6-422C-901F-99D5013AC956}.Release|Any CPU.Build.0 = Release|Any CPU
		{A7CEF8F3-BFF6-422C-901F-99D5013AC956}.Release|x64.ActiveCfg = Release|Any CPU
		{A7CEF8F3-BFF6-422C-901F-99D5013AC956}.Release|x64.Build.0 = Release|Any CPU
		{A7CEF8F3-BFF6-422C-901F-99D5013AC956}.Release|x86.ActiveCfg = Release|Any CPU
		{A7CEF8F3-BFF6-422C-901F-99D5013AC956}.Release|x86.Build.0 = Release|Any CPU
		{B5CEC664-DDF0-4249-8656-F42B881225B7}.Debug|Any CPU.ActiveCfg = Debug|Any CPU
		{B5CEC664-DDF0-4249-8656-F42B881225B7}.Debug|Any CPU.Build.0 = Debug|Any CPU
		{B5CEC664-DDF0-4249-8656-F42B881225B7}.Debug|x64.ActiveCfg = Debug|Any CPU
		{B5CEC664-DDF0-4249-8656-F42B881225B7}.Debug|x64.Build.0 = Debug|Any CPU
		{B5CEC664-DDF0-4249-8656-F42B881225B7}.Debug|x86.ActiveCfg = Debug|Any CPU
		{B5CEC664-DDF0-4249-8656-F42B881225B7}.Debug|x86.Build.0 = Debug|Any CPU
		{B5CEC664-DDF0-4249-8656-F42B881225B7}.Release|Any CPU.ActiveCfg = Release|Any CPU
		{B5CEC664-DDF0-4249-8656-F42B881225B7}.Release|Any CPU.Build.0 = Release|Any CPU
		{B5CEC664-DDF0-4249-8656-F42B881225B7}.Release|x64.ActiveCfg = Release|Any CPU
		{B5CEC664-DDF0-4249-8656-F42B881225B7}.Release|x64.Build.0 = Release|Any CPU
		{B5CEC664-DDF0-4249-8656-F42B881225B7}.Release|x86.ActiveCfg = Release|Any CPU
		{B5CEC664-DDF0-4249-8656-F42B881225B7}.Release|x86.Build.0 = Release|Any CPU
		{A52A39DC-BA0F-4FA1-8647-316807C09662}.Debug|Any CPU.ActiveCfg = Debug|Any CPU
		{A52A39DC-BA0F-4FA1-8647-316807C09662}.Debug|Any CPU.Build.0 = Debug|Any CPU
		{A52A39DC-BA0F-4FA1-8647-316807C09662}.Debug|x64.ActiveCfg = Debug|Any CPU
		{A52A39DC-BA0F-4FA1-8647-316807C09662}.Debug|x64.Build.0 = Debug|Any CPU
		{A52A39DC-BA0F-4FA1-8647-316807C09662}.Debug|x86.ActiveCfg = Debug|Any CPU
		{A52A39DC-BA0F-4FA1-8647-316807C09662}.Debug|x86.Build.0 = Debug|Any CPU
		{A52A39DC-BA0F-4FA1-8647-316807C09662}.Release|Any CPU.ActiveCfg = Release|Any CPU
		{A52A39DC-BA0F-4FA1-8647-316807C09662}.Release|Any CPU.Build.0 = Release|Any CPU
		{A52A39DC-BA0F-4FA1-8647-316807C09662}.Release|x64.ActiveCfg = Release|Any CPU
		{A52A39DC-BA0F-4FA1-8647-316807C09662}.Release|x64.Build.0 = Release|Any CPU
		{A52A39DC-BA0F-4FA1-8647-316807C09662}.Release|x86.ActiveCfg = Release|Any CPU
		{A52A39DC-BA0F-4FA1-8647-316807C09662}.Release|x86.Build.0 = Release|Any CPU
		{E054918A-88FA-4897-B814-79B3A3796959}.Debug|Any CPU.ActiveCfg = Debug|Any CPU
		{E054918A-88FA-4897-B814-79B3A3796959}.Debug|Any CPU.Build.0 = Debug|Any CPU
		{E054918A-88FA-4897-B814-79B3A3796959}.Debug|x64.ActiveCfg = Debug|Any CPU
		{E054918A-88FA-4897-B814-79B3A3796959}.Debug|x64.Build.0 = Debug|Any CPU
		{E054918A-88FA-4897-B814-79B3A3796959}.Debug|x86.ActiveCfg = Debug|Any CPU
		{E054918A-88FA-4897-B814-79B3A3796959}.Debug|x86.Build.0 = Debug|Any CPU
		{E054918A-88FA-4897-B814-79B3A3796959}.Release|Any CPU.ActiveCfg = Release|Any CPU
		{E054918A-88FA-4897-B814-79B3A3796959}.Release|Any CPU.Build.0 = Release|Any CPU
		{E054918A-88FA-4897-B814-79B3A3796959}.Release|x64.ActiveCfg = Release|Any CPU
		{E054918A-88FA-4897-B814-79B3A3796959}.Release|x64.Build.0 = Release|Any CPU
		{E054918A-88FA-4897-B814-79B3A3796959}.Release|x86.ActiveCfg = Release|Any CPU
		{E054918A-88FA-4897-B814-79B3A3796959}.Release|x86.Build.0 = Release|Any CPU
	EndGlobalSection
	GlobalSection(SolutionProperties) = preSolution
		HideSolutionNode = FALSE
	EndGlobalSection
EndGlobal
