
Microsoft Visual Studio Solution File, Format Version 12.00
# Visual Studio Version 17
VisualStudioVersion = 17.0.31903.59
MinimumVisualStudioVersion = 10.0.40219.1
Project("{FAE04EC0-301F-11D3-BF4B-00C04F79EFBC}") = "SensorStore", "SensorStore\SensorStore.csproj", "{C5F25FFA-7FC1-4255-B832-A48467A42F78}"
EndProject
Project("{FAE04EC0-301F-11D3-BF4B-00C04F79EFBC}") = "LogMessages", "..\..\..\LogLayer\LogMessages\LogMessages.csproj", "{752AD837-ED3E-4B81-BF94-E12564294340}"
EndProject
Project("{FAE04EC0-301F-11D3-BF4B-00C04F79EFBC}") = "SensorMessages", "..\..\SensorMessages\SensorMessages.csproj", "{A5DB49A5-ACF0-4AD0-800D-A9E169567C95}"
EndProject
Project("{FAE04EC0-301F-11D3-BF4B-00C04F79EFBC}") = "DetectionData", "..\..\DetectionDB\DetectionData\DetectionData.csproj", "{957B1734-B5B5-438E-AE83-0F50A13A0E09}"
EndProject
Project("{FAE04EC0-301F-11D3-BF4B-00C04F79EFBC}") = "DetectionCacheData", "..\..\DetectionCacheDB\DetectionCacheData\DetectionCacheData.csproj", "{2FE70F59-375F-4057-AD73-3DC318AADE41}"
EndProject
Global
	GlobalSection(SolutionConfigurationPlatforms) = preSolution
		Debug|Any CPU = Debug|Any CPU
		Debug|x64 = Debug|x64
		Debug|x86 = Debug|x86
		Release|Any CPU = Release|Any CPU
		Release|x64 = Release|x64
		Release|x86 = Release|x86
	EndGlobalSection
	GlobalSection(ProjectConfigurationPlatforms) = postSolution
		{C5F25FFA-7FC1-4255-B832-A48467A42F78}.Debug|Any CPU.ActiveCfg = Debug|Any CPU
		{C5F25FFA-7FC1-4255-B832-A48467A42F78}.Debug|Any CPU.Build.0 = Debug|Any CPU
		{C5F25FFA-7FC1-4255-B832-A48467A42F78}.Debug|x64.ActiveCfg = Debug|Any CPU
		{C5F25FFA-7FC1-4255-B832-A48467A42F78}.Debug|x64.Build.0 = Debug|Any CPU
		{C5F25FFA-7FC1-4255-B832-A48467A42F78}.Debug|x86.ActiveCfg = Debug|Any CPU
		{C5F25FFA-7FC1-4255-B832-A48467A42F78}.Debug|x86.Build.0 = Debug|Any CPU
		{C5F25FFA-7FC1-4255-B832-A48467A42F78}.Release|Any CPU.ActiveCfg = Release|Any CPU
		{C5F25FFA-7FC1-4255-B832-A48467A42F78}.Release|Any CPU.Build.0 = Release|Any CPU
		{C5F25FFA-7FC1-4255-B832-A48467A42F78}.Release|x64.ActiveCfg = Release|Any CPU
		{C5F25FFA-7FC1-4255-B832-A48467A42F78}.Release|x64.Build.0 = Release|Any CPU
		{C5F25FFA-7FC1-4255-B832-A48467A42F78}.Release|x86.ActiveCfg = Release|Any CPU
		{C5F25FFA-7FC1-4255-B832-A48467A42F78}.Release|x86.Build.0 = Release|Any CPU
		{752AD837-ED3E-4B81-BF94-E12564294340}.Debug|Any CPU.ActiveCfg = Debug|Any CPU
		{752AD837-ED3E-4B81-BF94-E12564294340}.Debug|Any CPU.Build.0 = Debug|Any CPU
		{752AD837-ED3E-4B81-BF94-E12564294340}.Debug|x64.ActiveCfg = Debug|Any CPU
		{752AD837-ED3E-4B81-BF94-E12564294340}.Debug|x64.Build.0 = Debug|Any CPU
		{752AD837-ED3E-4B81-BF94-E12564294340}.Debug|x86.ActiveCfg = Debug|Any CPU
		{752AD837-ED3E-4B81-BF94-E12564294340}.Debug|x86.Build.0 = Debug|Any CPU
		{752AD837-ED3E-4B81-BF94-E12564294340}.Release|Any CPU.ActiveCfg = Release|Any CPU
		{752AD837-ED3E-4B81-BF94-E12564294340}.Release|Any CPU.Build.0 = Release|Any CPU
		{752AD837-ED3E-4B81-BF94-E12564294340}.Release|x64.ActiveCfg = Release|Any CPU
		{752AD837-ED3E-4B81-BF94-E12564294340}.Release|x64.Build.0 = Release|Any CPU
		{752AD837-ED3E-4B81-BF94-E12564294340}.Release|x86.ActiveCfg = Release|Any CPU
		{752AD837-ED3E-4B81-BF94-E12564294340}.Release|x86.Build.0 = Release|Any CPU
		{A5DB49A5-ACF0-4AD0-800D-A9E169567C95}.Debug|Any CPU.ActiveCfg = Debug|Any CPU
		{A5DB49A5-ACF0-4AD0-800D-A9E169567C95}.Debug|Any CPU.Build.0 = Debug|Any CPU
		{A5DB49A5-ACF0-4AD0-800D-A9E169567C95}.Debug|x64.ActiveCfg = Debug|Any CPU
		{A5DB49A5-ACF0-4AD0-800D-A9E169567C95}.Debug|x64.Build.0 = Debug|Any CPU
		{A5DB49A5-ACF0-4AD0-800D-A9E169567C95}.Debug|x86.ActiveCfg = Debug|Any CPU
		{A5DB49A5-ACF0-4AD0-800D-A9E169567C95}.Debug|x86.Build.0 = Debug|Any CPU
		{A5DB49A5-ACF0-4AD0-800D-A9E169567C95}.Release|Any CPU.ActiveCfg = Release|Any CPU
		{A5DB49A5-ACF0-4AD0-800D-A9E169567C95}.Release|Any CPU.Build.0 = Release|Any CPU
		{A5DB49A5-ACF0-4AD0-800D-A9E169567C95}.Release|x64.ActiveCfg = Release|Any CPU
		{A5DB49A5-ACF0-4AD0-800D-A9E169567C95}.Release|x64.Build.0 = Release|Any CPU
		{A5DB49A5-ACF0-4AD0-800D-A9E169567C95}.Release|x86.ActiveCfg = Release|Any CPU
		{A5DB49A5-ACF0-4AD0-800D-A9E169567C95}.Release|x86.Build.0 = Release|Any CPU
		{957B1734-B5B5-438E-AE83-0F50A13A0E09}.Debug|Any CPU.ActiveCfg = Debug|Any CPU
		{957B1734-B5B5-438E-AE83-0F50A13A0E09}.Debug|Any CPU.Build.0 = Debug|Any CPU
		{957B1734-B5B5-438E-AE83-0F50A13A0E09}.Debug|x64.ActiveCfg = Debug|Any CPU
		{957B1734-B5B5-438E-AE83-0F50A13A0E09}.Debug|x64.Build.0 = Debug|Any CPU
		{957B1734-B5B5-438E-AE83-0F50A13A0E09}.Debug|x86.ActiveCfg = Debug|Any CPU
		{957B1734-B5B5-438E-AE83-0F50A13A0E09}.Debug|x86.Build.0 = Debug|Any CPU
		{957B1734-B5B5-438E-AE83-0F50A13A0E09}.Release|Any CPU.ActiveCfg = Release|Any CPU
		{957B1734-B5B5-438E-AE83-0F50A13A0E09}.Release|Any CPU.Build.0 = Release|Any CPU
		{957B1734-B5B5-438E-AE83-0F50A13A0E09}.Release|x64.ActiveCfg = Release|Any CPU
		{957B1734-B5B5-438E-AE83-0F50A13A0E09}.Release|x64.Build.0 = Release|Any CPU
		{957B1734-B5B5-438E-AE83-0F50A13A0E09}.Release|x86.ActiveCfg = Release|Any CPU
		{957B1734-B5B5-438E-AE83-0F50A13A0E09}.Release|x86.Build.0 = Release|Any CPU
		{2FE70F59-375F-4057-AD73-3DC318AADE41}.Debug|Any CPU.ActiveCfg = Debug|Any CPU
		{2FE70F59-375F-4057-AD73-3DC318AADE41}.Debug|Any CPU.Build.0 = Debug|Any CPU
		{2FE70F59-375F-4057-AD73-3DC318AADE41}.Debug|x64.ActiveCfg = Debug|Any CPU
		{2FE70F59-375F-4057-AD73-3DC318AADE41}.Debug|x64.Build.0 = Debug|Any CPU
		{2FE70F59-375F-4057-AD73-3DC318AADE41}.Debug|x86.ActiveCfg = Debug|Any CPU
		{2FE70F59-375F-4057-AD73-3DC318AADE41}.Debug|x86.Build.0 = Debug|Any CPU
		{2FE70F59-375F-4057-AD73-3DC318AADE41}.Release|Any CPU.ActiveCfg = Release|Any CPU
		{2FE70F59-375F-4057-AD73-3DC318AADE41}.Release|Any CPU.Build.0 = Release|Any CPU
		{2FE70F59-375F-4057-AD73-3DC318AADE41}.Release|x64.ActiveCfg = Release|Any CPU
		{2FE70F59-375F-4057-AD73-3DC318AADE41}.Release|x64.Build.0 = Release|Any CPU
		{2FE70F59-375F-4057-AD73-3DC318AADE41}.Release|x86.ActiveCfg = Release|Any CPU
		{2FE70F59-375F-4057-AD73-3DC318AADE41}.Release|x86.Build.0 = Release|Any CPU
	EndGlobalSection
	GlobalSection(SolutionProperties) = preSolution
		HideSolutionNode = FALSE
	EndGlobalSection
EndGlobal
