
Microsoft Visual Studio Solution File, Format Version 12.00
# Visual Studio Version 17
VisualStudioVersion = 17.0.31903.59
MinimumVisualStudioVersion = 10.0.40219.1
Project("{FAE04EC0-301F-11D3-BF4B-00C04F79EFBC}") = "TrafficDataAnalyticsStore", "TrafficDataAnalyticsStore\TrafficDataAnalyticsStore.csproj", "{C91EC7E1-167F-4F50-99E7-7D17427B6DCC}"
EndProject
Project("{FAE04EC0-301F-11D3-BF4B-00C04F79EFBC}") = "TrafficDataAnalyticsData", "TrafficDataAnalyticsData\TrafficDataAnalyticsData.csproj", "{AFFCF9B1-C4DF-4E4B-8383-D30A8A6BD5F6}"
EndProject
Project("{FAE04EC0-301F-11D3-BF4B-00C04F79EFBC}") = "TrafficMessages", "..\..\TrafficMessages\TrafficMessages.csproj", "{8952CDE5-999A-4C49-A47F-37E23494524E}"
EndProject
Project("{FAE04EC0-301F-11D3-BF4B-00C04F79EFBC}") = "SensorMessages", "..\..\..\SensorLayer\SensorMessages\SensorMessages.csproj", "{181F6790-E07F-49F6-A78B-5302D0DB8935}"
EndProject
Project("{FAE04EC0-301F-11D3-BF4B-00C04F79EFBC}") = "LogMessages", "..\..\..\LogLayer\LogMessages\LogMessages.csproj", "{1D61D089-779A-4075-9B77-E3CBB5631475}"
EndProject
Global
	GlobalSection(SolutionConfigurationPlatforms) = preSolution
		Debug|Any CPU = Debug|Any CPU
		Debug|x64 = Debug|x64
		Debug|x86 = Debug|x86
		Release|Any CPU = Release|Any CPU
		Release|x64 = Release|x64
		Release|x86 = Release|x86
	EndGlobalSection
	GlobalSection(ProjectConfigurationPlatforms) = postSolution
		{C91EC7E1-167F-4F50-99E7-7D17427B6DCC}.Debug|Any CPU.ActiveCfg = Debug|Any CPU
		{C91EC7E1-167F-4F50-99E7-7D17427B6DCC}.Debug|Any CPU.Build.0 = Debug|Any CPU
		{C91EC7E1-167F-4F50-99E7-7D17427B6DCC}.Debug|x64.ActiveCfg = Debug|Any CPU
		{C91EC7E1-167F-4F50-99E7-7D17427B6DCC}.Debug|x64.Build.0 = Debug|Any CPU
		{C91EC7E1-167F-4F50-99E7-7D17427B6DCC}.Debug|x86.ActiveCfg = Debug|Any CPU
		{C91EC7E1-167F-4F50-99E7-7D17427B6DCC}.Debug|x86.Build.0 = Debug|Any CPU
		{C91EC7E1-167F-4F50-99E7-7D17427B6DCC}.Release|Any CPU.ActiveCfg = Release|Any CPU
		{C91EC7E1-167F-4F50-99E7-7D17427B6DCC}.Release|Any CPU.Build.0 = Release|Any CPU
		{C91EC7E1-167F-4F50-99E7-7D17427B6DCC}.Release|x64.ActiveCfg = Release|Any CPU
		{C91EC7E1-167F-4F50-99E7-7D17427B6DCC}.Release|x64.Build.0 = Release|Any CPU
		{C91EC7E1-167F-4F50-99E7-7D17427B6DCC}.Release|x86.ActiveCfg = Release|Any CPU
		{C91EC7E1-167F-4F50-99E7-7D17427B6DCC}.Release|x86.Build.0 = Release|Any CPU
		{AFFCF9B1-C4DF-4E4B-8383-D30A8A6BD5F6}.Debug|Any CPU.ActiveCfg = Debug|Any CPU
		{AFFCF9B1-C4DF-4E4B-8383-D30A8A6BD5F6}.Debug|Any CPU.Build.0 = Debug|Any CPU
		{AFFCF9B1-C4DF-4E4B-8383-D30A8A6BD5F6}.Debug|x64.ActiveCfg = Debug|Any CPU
		{AFFCF9B1-C4DF-4E4B-8383-D30A8A6BD5F6}.Debug|x64.Build.0 = Debug|Any CPU
		{AFFCF9B1-C4DF-4E4B-8383-D30A8A6BD5F6}.Debug|x86.ActiveCfg = Debug|Any CPU
		{AFFCF9B1-C4DF-4E4B-8383-D30A8A6BD5F6}.Debug|x86.Build.0 = Debug|Any CPU
		{AFFCF9B1-C4DF-4E4B-8383-D30A8A6BD5F6}.Release|Any CPU.ActiveCfg = Release|Any CPU
		{AFFCF9B1-C4DF-4E4B-8383-D30A8A6BD5F6}.Release|Any CPU.Build.0 = Release|Any CPU
		{AFFCF9B1-C4DF-4E4B-8383-D30A8A6BD5F6}.Release|x64.ActiveCfg = Release|Any CPU
		{AFFCF9B1-C4DF-4E4B-8383-D30A8A6BD5F6}.Release|x64.Build.0 = Release|Any CPU
		{AFFCF9B1-C4DF-4E4B-8383-D30A8A6BD5F6}.Release|x86.ActiveCfg = Release|Any CPU
		{AFFCF9B1-C4DF-4E4B-8383-D30A8A6BD5F6}.Release|x86.Build.0 = Release|Any CPU
		{8952CDE5-999A-4C49-A47F-37E23494524E}.Debug|Any CPU.ActiveCfg = Debug|Any CPU
		{8952CDE5-999A-4C49-A47F-37E23494524E}.Debug|Any CPU.Build.0 = Debug|Any CPU
		{8952CDE5-999A-4C49-A47F-37E23494524E}.Debug|x64.ActiveCfg = Debug|Any CPU
		{8952CDE5-999A-4C49-A47F-37E23494524E}.Debug|x64.Build.0 = Debug|Any CPU
		{8952CDE5-999A-4C49-A47F-37E23494524E}.Debug|x86.ActiveCfg = Debug|Any CPU
		{8952CDE5-999A-4C49-A47F-37E23494524E}.Debug|x86.Build.0 = Debug|Any CPU
		{8952CDE5-999A-4C49-A47F-37E23494524E}.Release|Any CPU.ActiveCfg = Release|Any CPU
		{8952CDE5-999A-4C49-A47F-37E23494524E}.Release|Any CPU.Build.0 = Release|Any CPU
		{8952CDE5-999A-4C49-A47F-37E23494524E}.Release|x64.ActiveCfg = Release|Any CPU
		{8952CDE5-999A-4C49-A47F-37E23494524E}.Release|x64.Build.0 = Release|Any CPU
		{8952CDE5-999A-4C49-A47F-37E23494524E}.Release|x86.ActiveCfg = Release|Any CPU
		{8952CDE5-999A-4C49-A47F-37E23494524E}.Release|x86.Build.0 = Release|Any CPU
		{181F6790-E07F-49F6-A78B-5302D0DB8935}.Debug|Any CPU.ActiveCfg = Debug|Any CPU
		{181F6790-E07F-49F6-A78B-5302D0DB8935}.Debug|Any CPU.Build.0 = Debug|Any CPU
		{181F6790-E07F-49F6-A78B-5302D0DB8935}.Debug|x64.ActiveCfg = Debug|Any CPU
		{181F6790-E07F-49F6-A78B-5302D0DB8935}.Debug|x64.Build.0 = Debug|Any CPU
		{181F6790-E07F-49F6-A78B-5302D0DB8935}.Debug|x86.ActiveCfg = Debug|Any CPU
		{181F6790-E07F-49F6-A78B-5302D0DB8935}.Debug|x86.Build.0 = Debug|Any CPU
		{181F6790-E07F-49F6-A78B-5302D0DB8935}.Release|Any CPU.ActiveCfg = Release|Any CPU
		{181F6790-E07F-49F6-A78B-5302D0DB8935}.Release|Any CPU.Build.0 = Release|Any CPU
		{181F6790-E07F-49F6-A78B-5302D0DB8935}.Release|x64.ActiveCfg = Release|Any CPU
		{181F6790-E07F-49F6-A78B-5302D0DB8935}.Release|x64.Build.0 = Release|Any CPU
		{181F6790-E07F-49F6-A78B-5302D0DB8935}.Release|x86.ActiveCfg = Release|Any CPU
		{181F6790-E07F-49F6-A78B-5302D0DB8935}.Release|x86.Build.0 = Release|Any CPU
		{1D61D089-779A-4075-9B77-E3CBB5631475}.Debug|Any CPU.ActiveCfg = Debug|Any CPU
		{1D61D089-779A-4075-9B77-E3CBB5631475}.Debug|Any CPU.Build.0 = Debug|Any CPU
		{1D61D089-779A-4075-9B77-E3CBB5631475}.Debug|x64.ActiveCfg = Debug|Any CPU
		{1D61D089-779A-4075-9B77-E3CBB5631475}.Debug|x64.Build.0 = Debug|Any CPU
		{1D61D089-779A-4075-9B77-E3CBB5631475}.Debug|x86.ActiveCfg = Debug|Any CPU
		{1D61D089-779A-4075-9B77-E3CBB5631475}.Debug|x86.Build.0 = Debug|Any CPU
		{1D61D089-779A-4075-9B77-E3CBB5631475}.Release|Any CPU.ActiveCfg = Release|Any CPU
		{1D61D089-779A-4075-9B77-E3CBB5631475}.Release|Any CPU.Build.0 = Release|Any CPU
		{1D61D089-779A-4075-9B77-E3CBB5631475}.Release|x64.ActiveCfg = Release|Any CPU
		{1D61D089-779A-4075-9B77-E3CBB5631475}.Release|x64.Build.0 = Release|Any CPU
		{1D61D089-779A-4075-9B77-E3CBB5631475}.Release|x86.ActiveCfg = Release|Any CPU
		{1D61D089-779A-4075-9B77-E3CBB5631475}.Release|x86.Build.0 = Release|Any CPU
	EndGlobalSection
	GlobalSection(SolutionProperties) = preSolution
		HideSolutionNode = FALSE
	EndGlobalSection
EndGlobal
