
Microsoft Visual Studio Solution File, Format Version 12.00
# Visual Studio Version 17
VisualStudioVersion = 17.0.31903.59
MinimumVisualStudioVersion = 10.0.40219.1
Project("{FAE04EC0-301F-11D3-BF4B-00C04F79EFBC}") = "LogData", "..\..\Databases\LogData\LogData.csproj", "{388FDB06-0A9B-456E-AD16-81F2028E757C}"
EndProject
Project("{FAE04EC0-301F-11D3-BF4B-00C04F79EFBC}") = "LogStore", "LogStore\LogStore.csproj", "{20E676DE-B383-49AE-B6AF-B2CC91867251}"
EndProject
Project("{FAE04EC0-301F-11D3-BF4B-00C04F79EFBC}") = "LogMessages", "..\..\..\MessageLayer\LogMessages\LogMessages.csproj", "{26DC43E7-9A71-4A77-BDF1-094CB899C19A}"
EndProject
Global
	GlobalSection(SolutionConfigurationPlatforms) = preSolution
		Debug|Any CPU = Debug|Any CPU
		Debug|x64 = Debug|x64
		Debug|x86 = Debug|x86
		Release|Any CPU = Release|Any CPU
		Release|x64 = Release|x64
		Release|x86 = Release|x86
	EndGlobalSection
	GlobalSection(ProjectConfigurationPlatforms) = postSolution
		{388FDB06-0A9B-456E-AD16-81F2028E757C}.Debug|Any CPU.ActiveCfg = Debug|Any CPU
		{388FDB06-0A9B-456E-AD16-81F2028E757C}.Debug|Any CPU.Build.0 = Debug|Any CPU
		{388FDB06-0A9B-456E-AD16-81F2028E757C}.Debug|x64.ActiveCfg = Debug|Any CPU
		{388FDB06-0A9B-456E-AD16-81F2028E757C}.Debug|x64.Build.0 = Debug|Any CPU
		{388FDB06-0A9B-456E-AD16-81F2028E757C}.Debug|x86.ActiveCfg = Debug|Any CPU
		{388FDB06-0A9B-456E-AD16-81F2028E757C}.Debug|x86.Build.0 = Debug|Any CPU
		{388FDB06-0A9B-456E-AD16-81F2028E757C}.Release|Any CPU.ActiveCfg = Release|Any CPU
		{388FDB06-0A9B-456E-AD16-81F2028E757C}.Release|Any CPU.Build.0 = Release|Any CPU
		{388FDB06-0A9B-456E-AD16-81F2028E757C}.Release|x64.ActiveCfg = Release|Any CPU
		{388FDB06-0A9B-456E-AD16-81F2028E757C}.Release|x64.Build.0 = Release|Any CPU
		{388FDB06-0A9B-456E-AD16-81F2028E757C}.Release|x86.ActiveCfg = Release|Any CPU
		{388FDB06-0A9B-456E-AD16-81F2028E757C}.Release|x86.Build.0 = Release|Any CPU
		{20E676DE-B383-49AE-B6AF-B2CC91867251}.Debug|Any CPU.ActiveCfg = Debug|Any CPU
		{20E676DE-B383-49AE-B6AF-B2CC91867251}.Debug|Any CPU.Build.0 = Debug|Any CPU
		{20E676DE-B383-49AE-B6AF-B2CC91867251}.Debug|x64.ActiveCfg = Debug|Any CPU
		{20E676DE-B383-49AE-B6AF-B2CC91867251}.Debug|x64.Build.0 = Debug|Any CPU
		{20E676DE-B383-49AE-B6AF-B2CC91867251}.Debug|x86.ActiveCfg = Debug|Any CPU
		{20E676DE-B383-49AE-B6AF-B2CC91867251}.Debug|x86.Build.0 = Debug|Any CPU
		{20E676DE-B383-49AE-B6AF-B2CC91867251}.Release|Any CPU.ActiveCfg = Release|Any CPU
		{20E676DE-B383-49AE-B6AF-B2CC91867251}.Release|Any CPU.Build.0 = Release|Any CPU
		{20E676DE-B383-49AE-B6AF-B2CC91867251}.Release|x64.ActiveCfg = Release|Any CPU
		{20E676DE-B383-49AE-B6AF-B2CC91867251}.Release|x64.Build.0 = Release|Any CPU
		{20E676DE-B383-49AE-B6AF-B2CC91867251}.Release|x86.ActiveCfg = Release|Any CPU
		{20E676DE-B383-49AE-B6AF-B2CC91867251}.Release|x86.Build.0 = Release|Any CPU
		{26DC43E7-9A71-4A77-BDF1-094CB899C19A}.Debug|Any CPU.ActiveCfg = Debug|Any CPU
		{26DC43E7-9A71-4A77-BDF1-094CB899C19A}.Debug|Any CPU.Build.0 = Debug|Any CPU
		{26DC43E7-9A71-4A77-BDF1-094CB899C19A}.Debug|x64.ActiveCfg = Debug|Any CPU
		{26DC43E7-9A71-4A77-BDF1-094CB899C19A}.Debug|x64.Build.0 = Debug|Any CPU
		{26DC43E7-9A71-4A77-BDF1-094CB899C19A}.Debug|x86.ActiveCfg = Debug|Any CPU
		{26DC43E7-9A71-4A77-BDF1-094CB899C19A}.Debug|x86.Build.0 = Debug|Any CPU
		{26DC43E7-9A71-4A77-BDF1-094CB899C19A}.Release|Any CPU.ActiveCfg = Release|Any CPU
		{26DC43E7-9A71-4A77-BDF1-094CB899C19A}.Release|Any CPU.Build.0 = Release|Any CPU
		{26DC43E7-9A71-4A77-BDF1-094CB899C19A}.Release|x64.ActiveCfg = Release|Any CPU
		{26DC43E7-9A71-4A77-BDF1-094CB899C19A}.Release|x64.Build.0 = Release|Any CPU
		{26DC43E7-9A71-4A77-BDF1-094CB899C19A}.Release|x86.ActiveCfg = Release|Any CPU
		{26DC43E7-9A71-4A77-BDF1-094CB899C19A}.Release|x86.Build.0 = Release|Any CPU
	EndGlobalSection
	GlobalSection(SolutionProperties) = preSolution
		HideSolutionNode = FALSE
	EndGlobalSection
EndGlobal
