
Microsoft Visual Studio Solution File, Format Version 12.00
# Visual Studio Version 17
VisualStudioVersion = 17.0.31903.59
MinimumVisualStudioVersion = 10.0.40219.1
Project("{FAE04EC0-301F-11D3-BF4B-00C04F79EFBC}") = "TrafficLightControlStore", "TrafficLightControlStore\TrafficLightControlStore.csproj", "{7F7EDA5C-317A-41C6-B776-27D7227AF8B7}"
EndProject
Project("{FAE04EC0-301F-11D3-BF4B-00C04F79EFBC}") = "TrafficMessages", "..\..\TrafficMessages\TrafficMessages.csproj", "{17BB6389-334F-40DC-AB08-EF9B517283A7}"
EndProject
Project("{FAE04EC0-301F-11D3-BF4B-00C04F79EFBC}") = "LogMessages", "..\..\..\LogLayer\LogMessages\LogMessages.csproj", "{A554DA74-4B72-47A2-839C-602622D47B75}"
EndProject
Project("{FAE04EC0-301F-11D3-BF4B-00C04F79EFBC}") = "IntersectionControllerData", "..\..\IntersectionControllerService\IntersectionControllerAPI\IntersectionControllerData\IntersectionControllerData.csproj", "{E771DD22-6796-454A-90FE-8ACA00274F51}"
EndProject
Global
	GlobalSection(SolutionConfigurationPlatforms) = preSolution
		Debug|Any CPU = Debug|Any CPU
		Debug|x64 = Debug|x64
		Debug|x86 = Debug|x86
		Release|Any CPU = Release|Any CPU
		Release|x64 = Release|x64
		Release|x86 = Release|x86
	EndGlobalSection
	GlobalSection(ProjectConfigurationPlatforms) = postSolution
		{7F7EDA5C-317A-41C6-B776-27D7227AF8B7}.Debug|Any CPU.ActiveCfg = Debug|Any CPU
		{7F7EDA5C-317A-41C6-B776-27D7227AF8B7}.Debug|Any CPU.Build.0 = Debug|Any CPU
		{7F7EDA5C-317A-41C6-B776-27D7227AF8B7}.Debug|x64.ActiveCfg = Debug|Any CPU
		{7F7EDA5C-317A-41C6-B776-27D7227AF8B7}.Debug|x64.Build.0 = Debug|Any CPU
		{7F7EDA5C-317A-41C6-B776-27D7227AF8B7}.Debug|x86.ActiveCfg = Debug|Any CPU
		{7F7EDA5C-317A-41C6-B776-27D7227AF8B7}.Debug|x86.Build.0 = Debug|Any CPU
		{7F7EDA5C-317A-41C6-B776-27D7227AF8B7}.Release|Any CPU.ActiveCfg = Release|Any CPU
		{7F7EDA5C-317A-41C6-B776-27D7227AF8B7}.Release|Any CPU.Build.0 = Release|Any CPU
		{7F7EDA5C-317A-41C6-B776-27D7227AF8B7}.Release|x64.ActiveCfg = Release|Any CPU
		{7F7EDA5C-317A-41C6-B776-27D7227AF8B7}.Release|x64.Build.0 = Release|Any CPU
		{7F7EDA5C-317A-41C6-B776-27D7227AF8B7}.Release|x86.ActiveCfg = Release|Any CPU
		{7F7EDA5C-317A-41C6-B776-27D7227AF8B7}.Release|x86.Build.0 = Release|Any CPU
		{17BB6389-334F-40DC-AB08-EF9B517283A7}.Debug|Any CPU.ActiveCfg = Debug|Any CPU
		{17BB6389-334F-40DC-AB08-EF9B517283A7}.Debug|Any CPU.Build.0 = Debug|Any CPU
		{17BB6389-334F-40DC-AB08-EF9B517283A7}.Debug|x64.ActiveCfg = Debug|Any CPU
		{17BB6389-334F-40DC-AB08-EF9B517283A7}.Debug|x64.Build.0 = Debug|Any CPU
		{17BB6389-334F-40DC-AB08-EF9B517283A7}.Debug|x86.ActiveCfg = Debug|Any CPU
		{17BB6389-334F-40DC-AB08-EF9B517283A7}.Debug|x86.Build.0 = Debug|Any CPU
		{17BB6389-334F-40DC-AB08-EF9B517283A7}.Release|Any CPU.ActiveCfg = Release|Any CPU
		{17BB6389-334F-40DC-AB08-EF9B517283A7}.Release|Any CPU.Build.0 = Release|Any CPU
		{17BB6389-334F-40DC-AB08-EF9B517283A7}.Release|x64.ActiveCfg = Release|Any CPU
		{17BB6389-334F-40DC-AB08-EF9B517283A7}.Release|x64.Build.0 = Release|Any CPU
		{17BB6389-334F-40DC-AB08-EF9B517283A7}.Release|x86.ActiveCfg = Release|Any CPU
		{17BB6389-334F-40DC-AB08-EF9B517283A7}.Release|x86.Build.0 = Release|Any CPU
		{A554DA74-4B72-47A2-839C-602622D47B75}.Debug|Any CPU.ActiveCfg = Debug|Any CPU
		{A554DA74-4B72-47A2-839C-602622D47B75}.Debug|Any CPU.Build.0 = Debug|Any CPU
		{A554DA74-4B72-47A2-839C-602622D47B75}.Debug|x64.ActiveCfg = Debug|Any CPU
		{A554DA74-4B72-47A2-839C-602622D47B75}.Debug|x64.Build.0 = Debug|Any CPU
		{A554DA74-4B72-47A2-839C-602622D47B75}.Debug|x86.ActiveCfg = Debug|Any CPU
		{A554DA74-4B72-47A2-839C-602622D47B75}.Debug|x86.Build.0 = Debug|Any CPU
		{A554DA74-4B72-47A2-839C-602622D47B75}.Release|Any CPU.ActiveCfg = Release|Any CPU
		{A554DA74-4B72-47A2-839C-602622D47B75}.Release|Any CPU.Build.0 = Release|Any CPU
		{A554DA74-4B72-47A2-839C-602622D47B75}.Release|x64.ActiveCfg = Release|Any CPU
		{A554DA74-4B72-47A2-839C-602622D47B75}.Release|x64.Build.0 = Release|Any CPU
		{A554DA74-4B72-47A2-839C-602622D47B75}.Release|x86.ActiveCfg = Release|Any CPU
		{A554DA74-4B72-47A2-839C-602622D47B75}.Release|x86.Build.0 = Release|Any CPU
		{E771DD22-6796-454A-90FE-8ACA00274F51}.Debug|Any CPU.ActiveCfg = Debug|Any CPU
		{E771DD22-6796-454A-90FE-8ACA00274F51}.Debug|Any CPU.Build.0 = Debug|Any CPU
		{E771DD22-6796-454A-90FE-8ACA00274F51}.Debug|x64.ActiveCfg = Debug|Any CPU
		{E771DD22-6796-454A-90FE-8ACA00274F51}.Debug|x64.Build.0 = Debug|Any CPU
		{E771DD22-6796-454A-90FE-8ACA00274F51}.Debug|x86.ActiveCfg = Debug|Any CPU
		{E771DD22-6796-454A-90FE-8ACA00274F51}.Debug|x86.Build.0 = Debug|Any CPU
		{E771DD22-6796-454A-90FE-8ACA00274F51}.Release|Any CPU.ActiveCfg = Release|Any CPU
		{E771DD22-6796-454A-90FE-8ACA00274F51}.Release|Any CPU.Build.0 = Release|Any CPU
		{E771DD22-6796-454A-90FE-8ACA00274F51}.Release|x64.ActiveCfg = Release|Any CPU
		{E771DD22-6796-454A-90FE-8ACA00274F51}.Release|x64.Build.0 = Release|Any CPU
		{E771DD22-6796-454A-90FE-8ACA00274F51}.Release|x86.ActiveCfg = Release|Any CPU
		{E771DD22-6796-454A-90FE-8ACA00274F51}.Release|x86.Build.0 = Release|Any CPU
	EndGlobalSection
	GlobalSection(SolutionProperties) = preSolution
		HideSolutionNode = FALSE
	EndGlobalSection
EndGlobal
