
Microsoft Visual Studio Solution File, Format Version 12.00
# Visual Studio Version 17
VisualStudioVersion = 17.0.31903.59
MinimumVisualStudioVersion = 10.0.40219.1
Project("{FAE04EC0-301F-11D3-BF4B-00C04F79EFBC}") = "TrafficMessages", "..\..\TrafficMessages\TrafficMessages.csproj", "{3E540F4B-239F-40CA-B67C-3013C5F98A19}"
EndProject
Project("{FAE04EC0-301F-11D3-BF4B-00C04F79EFBC}") = "TrafficAnalyticsStore", "TrafficAnalyticsStore\TrafficAnalyticsStore.csproj", "{3EE16471-CD59-479F-998B-78325455C1A6}"
EndProject
Project("{FAE04EC0-301F-11D3-BF4B-00C04F79EFBC}") = "TrafficAnalyticsData", "TrafficAnalyticsData\TrafficAnalyticsData.csproj", "{3864B99D-C1DC-45FB-AFB2-E7153D2BBDBC}"
EndProject
Project("{FAE04EC0-301F-11D3-BF4B-00C04F79EFBC}") = "LogMessages", "..\..\..\LogLayer\LogMessages\LogMessages.csproj", "{AFF83E96-4A5A-46A8-9EE9-5984A0C6C5A7}"
EndProject
Project("{FAE04EC0-301F-11D3-BF4B-00C04F79EFBC}") = "SensorMessages", "..\..\..\SensorLayer\SensorMessages\SensorMessages.csproj", "{C818E3A8-2A24-4D84-964A-01158EA15594}"
EndProject
Global
	GlobalSection(SolutionConfigurationPlatforms) = preSolution
		Debug|Any CPU = Debug|Any CPU
		Debug|x64 = Debug|x64
		Debug|x86 = Debug|x86
		Release|Any CPU = Release|Any CPU
		Release|x64 = Release|x64
		Release|x86 = Release|x86
	EndGlobalSection
	GlobalSection(ProjectConfigurationPlatforms) = postSolution
		{3E540F4B-239F-40CA-B67C-3013C5F98A19}.Debug|Any CPU.ActiveCfg = Debug|Any CPU
		{3E540F4B-239F-40CA-B67C-3013C5F98A19}.Debug|Any CPU.Build.0 = Debug|Any CPU
		{3E540F4B-239F-40CA-B67C-3013C5F98A19}.Debug|x64.ActiveCfg = Debug|Any CPU
		{3E540F4B-239F-40CA-B67C-3013C5F98A19}.Debug|x64.Build.0 = Debug|Any CPU
		{3E540F4B-239F-40CA-B67C-3013C5F98A19}.Debug|x86.ActiveCfg = Debug|Any CPU
		{3E540F4B-239F-40CA-B67C-3013C5F98A19}.Debug|x86.Build.0 = Debug|Any CPU
		{3E540F4B-239F-40CA-B67C-3013C5F98A19}.Release|Any CPU.ActiveCfg = Release|Any CPU
		{3E540F4B-239F-40CA-B67C-3013C5F98A19}.Release|Any CPU.Build.0 = Release|Any CPU
		{3E540F4B-239F-40CA-B67C-3013C5F98A19}.Release|x64.ActiveCfg = Release|Any CPU
		{3E540F4B-239F-40CA-B67C-3013C5F98A19}.Release|x64.Build.0 = Release|Any CPU
		{3E540F4B-239F-40CA-B67C-3013C5F98A19}.Release|x86.ActiveCfg = Release|Any CPU
		{3E540F4B-239F-40CA-B67C-3013C5F98A19}.Release|x86.Build.0 = Release|Any CPU
		{3EE16471-CD59-479F-998B-78325455C1A6}.Debug|Any CPU.ActiveCfg = Debug|Any CPU
		{3EE16471-CD59-479F-998B-78325455C1A6}.Debug|Any CPU.Build.0 = Debug|Any CPU
		{3EE16471-CD59-479F-998B-78325455C1A6}.Debug|x64.ActiveCfg = Debug|Any CPU
		{3EE16471-CD59-479F-998B-78325455C1A6}.Debug|x64.Build.0 = Debug|Any CPU
		{3EE16471-CD59-479F-998B-78325455C1A6}.Debug|x86.ActiveCfg = Debug|Any CPU
		{3EE16471-CD59-479F-998B-78325455C1A6}.Debug|x86.Build.0 = Debug|Any CPU
		{3EE16471-CD59-479F-998B-78325455C1A6}.Release|Any CPU.ActiveCfg = Release|Any CPU
		{3EE16471-CD59-479F-998B-78325455C1A6}.Release|Any CPU.Build.0 = Release|Any CPU
		{3EE16471-CD59-479F-998B-78325455C1A6}.Release|x64.ActiveCfg = Release|Any CPU
		{3EE16471-CD59-479F-998B-78325455C1A6}.Release|x64.Build.0 = Release|Any CPU
		{3EE16471-CD59-479F-998B-78325455C1A6}.Release|x86.ActiveCfg = Release|Any CPU
		{3EE16471-CD59-479F-998B-78325455C1A6}.Release|x86.Build.0 = Release|Any CPU
		{3864B99D-C1DC-45FB-AFB2-E7153D2BBDBC}.Debug|Any CPU.ActiveCfg = Debug|Any CPU
		{3864B99D-C1DC-45FB-AFB2-E7153D2BBDBC}.Debug|Any CPU.Build.0 = Debug|Any CPU
		{3864B99D-C1DC-45FB-AFB2-E7153D2BBDBC}.Debug|x64.ActiveCfg = Debug|Any CPU
		{3864B99D-C1DC-45FB-AFB2-E7153D2BBDBC}.Debug|x64.Build.0 = Debug|Any CPU
		{3864B99D-C1DC-45FB-AFB2-E7153D2BBDBC}.Debug|x86.ActiveCfg = Debug|Any CPU
		{3864B99D-C1DC-45FB-AFB2-E7153D2BBDBC}.Debug|x86.Build.0 = Debug|Any CPU
		{3864B99D-C1DC-45FB-AFB2-E7153D2BBDBC}.Release|Any CPU.ActiveCfg = Release|Any CPU
		{3864B99D-C1DC-45FB-AFB2-E7153D2BBDBC}.Release|Any CPU.Build.0 = Release|Any CPU
		{3864B99D-C1DC-45FB-AFB2-E7153D2BBDBC}.Release|x64.ActiveCfg = Release|Any CPU
		{3864B99D-C1DC-45FB-AFB2-E7153D2BBDBC}.Release|x64.Build.0 = Release|Any CPU
		{3864B99D-C1DC-45FB-AFB2-E7153D2BBDBC}.Release|x86.ActiveCfg = Release|Any CPU
		{3864B99D-C1DC-45FB-AFB2-E7153D2BBDBC}.Release|x86.Build.0 = Release|Any CPU
		{AFF83E96-4A5A-46A8-9EE9-5984A0C6C5A7}.Debug|Any CPU.ActiveCfg = Debug|Any CPU
		{AFF83E96-4A5A-46A8-9EE9-5984A0C6C5A7}.Debug|Any CPU.Build.0 = Debug|Any CPU
		{AFF83E96-4A5A-46A8-9EE9-5984A0C6C5A7}.Debug|x64.ActiveCfg = Debug|Any CPU
		{AFF83E96-4A5A-46A8-9EE9-5984A0C6C5A7}.Debug|x64.Build.0 = Debug|Any CPU
		{AFF83E96-4A5A-46A8-9EE9-5984A0C6C5A7}.Debug|x86.ActiveCfg = Debug|Any CPU
		{AFF83E96-4A5A-46A8-9EE9-5984A0C6C5A7}.Debug|x86.Build.0 = Debug|Any CPU
		{AFF83E96-4A5A-46A8-9EE9-5984A0C6C5A7}.Release|Any CPU.ActiveCfg = Release|Any CPU
		{AFF83E96-4A5A-46A8-9EE9-5984A0C6C5A7}.Release|Any CPU.Build.0 = Release|Any CPU
		{AFF83E96-4A5A-46A8-9EE9-5984A0C6C5A7}.Release|x64.ActiveCfg = Release|Any CPU
		{AFF83E96-4A5A-46A8-9EE9-5984A0C6C5A7}.Release|x64.Build.0 = Release|Any CPU
		{AFF83E96-4A5A-46A8-9EE9-5984A0C6C5A7}.Release|x86.ActiveCfg = Release|Any CPU
		{AFF83E96-4A5A-46A8-9EE9-5984A0C6C5A7}.Release|x86.Build.0 = Release|Any CPU
		{C818E3A8-2A24-4D84-964A-01158EA15594}.Debug|Any CPU.ActiveCfg = Debug|Any CPU
		{C818E3A8-2A24-4D84-964A-01158EA15594}.Debug|Any CPU.Build.0 = Debug|Any CPU
		{C818E3A8-2A24-4D84-964A-01158EA15594}.Debug|x64.ActiveCfg = Debug|Any CPU
		{C818E3A8-2A24-4D84-964A-01158EA15594}.Debug|x64.Build.0 = Debug|Any CPU
		{C818E3A8-2A24-4D84-964A-01158EA15594}.Debug|x86.ActiveCfg = Debug|Any CPU
		{C818E3A8-2A24-4D84-964A-01158EA15594}.Debug|x86.Build.0 = Debug|Any CPU
		{C818E3A8-2A24-4D84-964A-01158EA15594}.Release|Any CPU.ActiveCfg = Release|Any CPU
		{C818E3A8-2A24-4D84-964A-01158EA15594}.Release|Any CPU.Build.0 = Release|Any CPU
		{C818E3A8-2A24-4D84-964A-01158EA15594}.Release|x64.ActiveCfg = Release|Any CPU
		{C818E3A8-2A24-4D84-964A-01158EA15594}.Release|x64.Build.0 = Release|Any CPU
		{C818E3A8-2A24-4D84-964A-01158EA15594}.Release|x86.ActiveCfg = Release|Any CPU
		{C818E3A8-2A24-4D84-964A-01158EA15594}.Release|x86.Build.0 = Release|Any CPU
	EndGlobalSection
	GlobalSection(SolutionProperties) = preSolution
		HideSolutionNode = FALSE
	EndGlobalSection
EndGlobal
