
Microsoft Visual Studio Solution File, Format Version 12.00
# Visual Studio Version 17
VisualStudioVersion = 17.0.31903.59
MinimumVisualStudioVersion = 10.0.40219.1
Project("{FAE04EC0-301F-11D3-BF4B-00C04F79EFBC}") = "LogStore", "LogStore\LogStore.csproj", "{B93CC13A-642B-4E05-A11C-D9B459261229}"
EndProject
Project("{FAE04EC0-301F-11D3-BF4B-00C04F79EFBC}") = "LogData", "LogData\LogData.csproj", "{25C86B79-C9E7-44A7-BA02-90E4F0B2D5BB}"
EndProject
Project("{FAE04EC0-301F-11D3-BF4B-00C04F79EFBC}") = "UserMessages", "..\..\..\UserLayer\UserMessages\UserMessages.csproj", "{900D1B27-2754-4103-9872-4F09565E0833}"
EndProject
Project("{FAE04EC0-301F-11D3-BF4B-00C04F79EFBC}") = "TrafficMessages", "..\..\..\TrafficLayer\TrafficMessages\TrafficMessages.csproj", "{8C2CFBD3-D672-429A-B1AE-871FA6AA6092}"
EndProject
Global
	GlobalSection(SolutionConfigurationPlatforms) = preSolution
		Debug|Any CPU = Debug|Any CPU
		Debug|x64 = Debug|x64
		Debug|x86 = Debug|x86
		Release|Any CPU = Release|Any CPU
		Release|x64 = Release|x64
		Release|x86 = Release|x86
	EndGlobalSection
	GlobalSection(ProjectConfigurationPlatforms) = postSolution
		{B93CC13A-642B-4E05-A11C-D9B459261229}.Debug|Any CPU.ActiveCfg = Debug|Any CPU
		{B93CC13A-642B-4E05-A11C-D9B459261229}.Debug|Any CPU.Build.0 = Debug|Any CPU
		{B93CC13A-642B-4E05-A11C-D9B459261229}.Debug|x64.ActiveCfg = Debug|Any CPU
		{B93CC13A-642B-4E05-A11C-D9B459261229}.Debug|x64.Build.0 = Debug|Any CPU
		{B93CC13A-642B-4E05-A11C-D9B459261229}.Debug|x86.ActiveCfg = Debug|Any CPU
		{B93CC13A-642B-4E05-A11C-D9B459261229}.Debug|x86.Build.0 = Debug|Any CPU
		{B93CC13A-642B-4E05-A11C-D9B459261229}.Release|Any CPU.ActiveCfg = Release|Any CPU
		{B93CC13A-642B-4E05-A11C-D9B459261229}.Release|Any CPU.Build.0 = Release|Any CPU
		{B93CC13A-642B-4E05-A11C-D9B459261229}.Release|x64.ActiveCfg = Release|Any CPU
		{B93CC13A-642B-4E05-A11C-D9B459261229}.Release|x64.Build.0 = Release|Any CPU
		{B93CC13A-642B-4E05-A11C-D9B459261229}.Release|x86.ActiveCfg = Release|Any CPU
		{B93CC13A-642B-4E05-A11C-D9B459261229}.Release|x86.Build.0 = Release|Any CPU
		{25C86B79-C9E7-44A7-BA02-90E4F0B2D5BB}.Debug|Any CPU.ActiveCfg = Debug|Any CPU
		{25C86B79-C9E7-44A7-BA02-90E4F0B2D5BB}.Debug|Any CPU.Build.0 = Debug|Any CPU
		{25C86B79-C9E7-44A7-BA02-90E4F0B2D5BB}.Debug|x64.ActiveCfg = Debug|Any CPU
		{25C86B79-C9E7-44A7-BA02-90E4F0B2D5BB}.Debug|x64.Build.0 = Debug|Any CPU
		{25C86B79-C9E7-44A7-BA02-90E4F0B2D5BB}.Debug|x86.ActiveCfg = Debug|Any CPU
		{25C86B79-C9E7-44A7-BA02-90E4F0B2D5BB}.Debug|x86.Build.0 = Debug|Any CPU
		{25C86B79-C9E7-44A7-BA02-90E4F0B2D5BB}.Release|Any CPU.ActiveCfg = Release|Any CPU
		{25C86B79-C9E7-44A7-BA02-90E4F0B2D5BB}.Release|Any CPU.Build.0 = Release|Any CPU
		{25C86B79-C9E7-44A7-BA02-90E4F0B2D5BB}.Release|x64.ActiveCfg = Release|Any CPU
		{25C86B79-C9E7-44A7-BA02-90E4F0B2D5BB}.Release|x64.Build.0 = Release|Any CPU
		{25C86B79-C9E7-44A7-BA02-90E4F0B2D5BB}.Release|x86.ActiveCfg = Release|Any CPU
		{25C86B79-C9E7-44A7-BA02-90E4F0B2D5BB}.Release|x86.Build.0 = Release|Any CPU
		{900D1B27-2754-4103-9872-4F09565E0833}.Debug|Any CPU.ActiveCfg = Debug|Any CPU
		{900D1B27-2754-4103-9872-4F09565E0833}.Debug|Any CPU.Build.0 = Debug|Any CPU
		{900D1B27-2754-4103-9872-4F09565E0833}.Debug|x64.ActiveCfg = Debug|Any CPU
		{900D1B27-2754-4103-9872-4F09565E0833}.Debug|x64.Build.0 = Debug|Any CPU
		{900D1B27-2754-4103-9872-4F09565E0833}.Debug|x86.ActiveCfg = Debug|Any CPU
		{900D1B27-2754-4103-9872-4F09565E0833}.Debug|x86.Build.0 = Debug|Any CPU
		{900D1B27-2754-4103-9872-4F09565E0833}.Release|Any CPU.ActiveCfg = Release|Any CPU
		{900D1B27-2754-4103-9872-4F09565E0833}.Release|Any CPU.Build.0 = Release|Any CPU
		{900D1B27-2754-4103-9872-4F09565E0833}.Release|x64.ActiveCfg = Release|Any CPU
		{900D1B27-2754-4103-9872-4F09565E0833}.Release|x64.Build.0 = Release|Any CPU
		{900D1B27-2754-4103-9872-4F09565E0833}.Release|x86.ActiveCfg = Release|Any CPU
		{900D1B27-2754-4103-9872-4F09565E0833}.Release|x86.Build.0 = Release|Any CPU
		{8C2CFBD3-D672-429A-B1AE-871FA6AA6092}.Debug|Any CPU.ActiveCfg = Debug|Any CPU
		{8C2CFBD3-D672-429A-B1AE-871FA6AA6092}.Debug|Any CPU.Build.0 = Debug|Any CPU
		{8C2CFBD3-D672-429A-B1AE-871FA6AA6092}.Debug|x64.ActiveCfg = Debug|Any CPU
		{8C2CFBD3-D672-429A-B1AE-871FA6AA6092}.Debug|x64.Build.0 = Debug|Any CPU
		{8C2CFBD3-D672-429A-B1AE-871FA6AA6092}.Debug|x86.ActiveCfg = Debug|Any CPU
		{8C2CFBD3-D672-429A-B1AE-871FA6AA6092}.Debug|x86.Build.0 = Debug|Any CPU
		{8C2CFBD3-D672-429A-B1AE-871FA6AA6092}.Release|Any CPU.ActiveCfg = Release|Any CPU
		{8C2CFBD3-D672-429A-B1AE-871FA6AA6092}.Release|Any CPU.Build.0 = Release|Any CPU
		{8C2CFBD3-D672-429A-B1AE-871FA6AA6092}.Release|x64.ActiveCfg = Release|Any CPU
		{8C2CFBD3-D672-429A-B1AE-871FA6AA6092}.Release|x64.Build.0 = Release|Any CPU
		{8C2CFBD3-D672-429A-B1AE-871FA6AA6092}.Release|x86.ActiveCfg = Release|Any CPU
		{8C2CFBD3-D672-429A-B1AE-871FA6AA6092}.Release|x86.Build.0 = Release|Any CPU
	EndGlobalSection
	GlobalSection(SolutionProperties) = preSolution
		HideSolutionNode = FALSE
	EndGlobalSection
EndGlobal
